{
  "lockfile_version": "1",
  "packages": {
    "nodejs@20": {
      "last_modified": "2024-08-31T10:12:23Z",
      "plugin_version": "0.0.2",
      "resolved": "github:NixOS/nixpkgs/5629520edecb69630a3f4d17d3d33fc96c13f6fe#nodejs_20",
      "source": "devbox-search",
      "version": "20.16.0",
      "systems": {
        "aarch64-darwin": {
          "outputs": [
            {
              "name": "out",
              "path": "/nix/store/iikbj8fwd3msxvh747v22b0gpf1rckww-nodejs-20.16.0",
              "default": true
            },
            {
              "name": "libv8",
              "path": "/nix/store/clzfgrh8fmzgr8jmv2266b30qh4mqlxa-nodejs-20.16.0-libv8"
            }
          ],
          "store_path": "/nix/store/iikbj8fwd3msxvh747v22b0gpf1rckww-nodejs-20.16.0"
        },
        "aarch64-linux": {
          "outputs": [
            {
              "name": "out",
              "path": "/nix/store/rbv8jmnhifp2znxc4issvl7zgmy7f24j-nodejs-20.16.0",
              "default": true
            },
            {
              "name": "libv8",
              "path": "/nix/store/2hqnq9snccm7n7346k5bqj657mp85lb3-nodejs-20.16.0-libv8"
            }
          ],
          "store_path": "/nix/store/rbv8jmnhifp2znxc4issvl7zgmy7f24j-nodejs-20.16.0"
        },
        "x86_64-darwin": {
          "outputs": [
            {
              "name": "out",
              "path": "/nix/store/azpkc2aw75nabkv9pq07j4rxw92fm7i6-nodejs-20.16.0",
              "default": true
            },
            {
              "name": "libv8",
              "path": "/nix/store/8qjcn62342vpl6r1l9f22l901fj8cqbc-nodejs-20.16.0-libv8"
            }
          ],
          "store_path": "/nix/store/azpkc2aw75nabkv9pq07j4rxw92fm7i6-nodejs-20.16.0"
        },
        "x86_64-linux": {
          "outputs": [
            {
              "name": "out",
              "path": "/nix/store/alik5i1lm5kfm61fh3pg221czk7pmv4g-nodejs-20.16.0",
              "default": true
            },
            {
              "name": "libv8",
              "path": "/nix/store/sl8zwksqc08asblhr5r36dlhzy6brmpk-nodejs-20.16.0-libv8"
            }
          ],
          "store_path": "/nix/store/alik5i1lm5kfm61fh3pg221czk7pmv4g-nodejs-20.16.0"
        }
      }
    },
    "php83Extensions.pcov@latest": {
      "last_modified": "2024-08-31T19:22:30Z",
      "resolved": "github:NixOS/nixpkgs/282e35e0762d64800d78e33ff225704baf9e5216#php83Extensions.pcov",
      "source": "devbox-search",
      "version": "1.0.11",
      "systems": {
        "aarch64-darwin": {
          "outputs": [
            {
              "name": "out",
              "path": "/nix/store/874n5qyw1vz2vvm2nwxarjbqlnw32drc-php-pcov-1.0.11",
              "default": true
            }
          ],
          "store_path": "/nix/store/874n5qyw1vz2vvm2nwxarjbqlnw32drc-php-pcov-1.0.11"
        },
        "aarch64-linux": {
          "outputs": [
            {
              "name": "out",
              "path": "/nix/store/5mv1hc8dswp2lfxypjz0w9zb83mry485-php-pcov-1.0.11",
              "default": true
            }
          ],
          "store_path": "/nix/store/5mv1hc8dswp2lfxypjz0w9zb83mry485-php-pcov-1.0.11"
        },
        "x86_64-darwin": {
          "outputs": [
            {
              "name": "out",
              "path": "/nix/store/z7qdbw47bha8ghnhfdhpfgn0qfhighsc-php-pcov-1.0.11",
              "default": true
            }
          ],
          "store_path": "/nix/store/z7qdbw47bha8ghnhfdhpfgn0qfhighsc-php-pcov-1.0.11"
        },
        "x86_64-linux": {
          "outputs": [
            {
              "name": "out",
              "path": "/nix/store/rh58sl8245l51gi8zjj7dcdngi5ryycs-php-pcov-1.0.11",
              "default": true
            }
          ],
          "store_path": "/nix/store/rh58sl8245l51gi8zjj7dcdngi5ryycs-php-pcov-1.0.11"
        }
      }
    },
    "php83Extensions.xdebug@latest": {
      "last_modified": "2024-08-31T19:22:30Z",
      "resolved": "github:NixOS/nixpkgs/282e35e0762d64800d78e33ff225704baf9e5216#php83Extensions.xdebug",
      "source": "devbox-search",
      "version": "3.3.2",
      "systems": {
        "aarch64-darwin": {
          "outputs": [
            {
              "name": "out",
              "path": "/nix/store/0lqcxa641q763pjvywk8gi9zr5lwinrp-php-xdebug-3.3.2",
              "default": true
            }
          ],
          "store_path": "/nix/store/0lqcxa641q763pjvywk8gi9zr5lwinrp-php-xdebug-3.3.2"
        },
        "aarch64-linux": {
          "outputs": [
            {
              "name": "out",
              "path": "/nix/store/a6qdhsbw3li2qj25si9vyj4fn64jy2dw-php-xdebug-3.3.2",
              "default": true
            }
          ],
          "store_path": "/nix/store/a6qdhsbw3li2qj25si9vyj4fn64jy2dw-php-xdebug-3.3.2"
        },
        "x86_64-darwin": {
          "outputs": [
            {
              "name": "out",
              "path": "/nix/store/rf1fbfrmzn611hkdymyrkk49b1b5y2f6-php-xdebug-3.3.2",
              "default": true
            }
          ],
          "store_path": "/nix/store/rf1fbfrmzn611hkdymyrkk49b1b5y2f6-php-xdebug-3.3.2"
        },
        "x86_64-linux": {
          "outputs": [
            {
              "name": "out",
              "path": "/nix/store/25vkq2s496ynzccwyvaxghda18kx883q-php-xdebug-3.3.2",
              "default": true
            }
          ],
          "store_path": "/nix/store/25vkq2s496ynzccwyvaxghda18kx883q-php-xdebug-3.3.2"
        }
      }
    },
    "php83Extensions.xsl@latest": {
      "last_modified": "2024-08-31T19:22:30Z",
      "resolved": "github:NixOS/nixpkgs/282e35e0762d64800d78e33ff225704baf9e5216#php83Extensions.xsl",
      "source": "devbox-search",
      "version": "8.3.11",
      "systems": {
        "aarch64-darwin": {
          "outputs": [
            {
              "name": "out",
              "path": "/nix/store/6i3f543pma3y21fvaz6dzc5yahdw5lkq-php-xsl-8.3.11",
              "default": true
            },
            {
              "name": "dev",
              "path": "/nix/store/cxmlwcrabvdxca9gffidc56g611awmnx-php-xsl-8.3.11-dev"
            }
          ],
          "store_path": "/nix/store/6i3f543pma3y21fvaz6dzc5yahdw5lkq-php-xsl-8.3.11"
        },
        "aarch64-linux": {
          "outputs": [
            {
              "name": "out",
              "path": "/nix/store/nvg41ss1phkgpk82hpp899a5gck6ln9w-php-xsl-8.3.11",
              "default": true
            },
            {
              "name": "dev",
              "path": "/nix/store/dvafd7r081fkm9xq61f431xwnczz79pf-php-xsl-8.3.11-dev"
            }
          ],
          "store_path": "/nix/store/nvg41ss1phkgpk82hpp899a5gck6ln9w-php-xsl-8.3.11"
        },
        "x86_64-darwin": {
          "outputs": [
            {
              "name": "out",
              "path": "/nix/store/kl32a1kgrl8d9z2yx5bqgw5m9fhd81yc-php-xsl-8.3.11",
              "default": true
            },
            {
              "name": "dev",
              "path": "/nix/store/cfaxjq291rc78jr7x67l7a23ww05f1qy-php-xsl-8.3.11-dev"
            }
          ],
          "store_path": "/nix/store/kl32a1kgrl8d9z2yx5bqgw5m9fhd81yc-php-xsl-8.3.11"
        },
        "x86_64-linux": {
          "outputs": [
            {
              "name": "out",
              "path": "/nix/store/19vxyrychik3nnypa6qkjsfry9cf927i-php-xsl-8.3.11",
              "default": true
            },
            {
              "name": "dev",
              "path": "/nix/store/ixklm1bh43nzxmglv5ch1hcwk9yyrkd5-php-xsl-8.3.11-dev"
            }
          ],
          "store_path": "/nix/store/19vxyrychik3nnypa6qkjsfry9cf927i-php-xsl-8.3.11"
        }
      }
    },
    "php@8.3": {
      "last_modified": "2024-07-17T09:45:27Z",
      "plugin_version": "0.0.3",
      "resolved": "github:NixOS/nixpkgs/5e73714b16ca222dcb2fc3ea2618fd7ba698da65#php83",
      "source": "devbox-search",
      "version": "8.3.9",
      "systems": {
        "aarch64-darwin": {
          "store_path": "/nix/store/7s8gbsv72n1sj7aaj1r4mb20yjxi6p37-php-with-extensions-8.3.9"
        },
        "aarch64-linux": {
          "store_path": "/nix/store/639h4b8z7d3zi4c0gw25i9ydpi7cdvhx-php-with-extensions-8.3.9"
        },
        "x86_64-darwin": {
          "store_path": "/nix/store/28gmm3qczq1snh7znnh6f818w1qcxy20-php-with-extensions-8.3.9"
        },
        "x86_64-linux": {
          "store_path": "/nix/store/gnrr9xclr8vq6bbqkd08fsk5a3gg70b0-php-with-extensions-8.3.9"
        }
      }
    },
    "python311Packages.tox@latest": {
      "last_modified": "2024-08-31T10:12:23Z",
      "resolved": "github:NixOS/nixpkgs/5629520edecb69630a3f4d17d3d33fc96c13f6fe#python311Packages.tox",
      "source": "devbox-search",
      "version": "4.15.1",
      "systems": {
        "aarch64-darwin": {
          "outputs": [
            {
              "name": "out",
              "path": "/nix/store/1iybvpkwlv7lz128yy74iwc909rpdngn-python3.11-tox-4.15.1",
              "default": true
            },
            {
              "name": "dist",
              "path": "/nix/store/8a9nlkanvj4qzhqdawgbc9bb940v50if-python3.11-tox-4.15.1-dist"
            }
          ],
          "store_path": "/nix/store/1iybvpkwlv7lz128yy74iwc909rpdngn-python3.11-tox-4.15.1"
        },
        "aarch64-linux": {
          "outputs": [
            {
              "name": "out",
              "path": "/nix/store/3cz18xb25zpj2dp5006m31ayadx81pkm-python3.11-tox-4.15.1",
              "default": true
            },
            {
              "name": "dist",
              "path": "/nix/store/y2yc0hf0344df2kq9k508qarw9ql63in-python3.11-tox-4.15.1-dist"
            }
          ],
          "store_path": "/nix/store/3cz18xb25zpj2dp5006m31ayadx81pkm-python3.11-tox-4.15.1"
        },
        "x86_64-darwin": {
          "outputs": [
            {
              "name": "out",
              "path": "/nix/store/90kbgvrhbnabv84iis9hps604g4zs9j1-python3.11-tox-4.15.1",
              "default": true
            },
            {
              "name": "dist",
              "path": "/nix/store/h121d74sv7hdy5xp06prwh102l3pwxps-python3.11-tox-4.15.1-dist"
            }
          ],
          "store_path": "/nix/store/90kbgvrhbnabv84iis9hps604g4zs9j1-python3.11-tox-4.15.1"
        },
        "x86_64-linux": {
          "outputs": [
            {
              "name": "out",
              "path": "/nix/store/cimgyp20w7vmn7chzycnnhkq6781zy6r-python3.11-tox-4.15.1",
              "default": true
            },
            {
              "name": "dist",
              "path": "/nix/store/8r5vhh291xih2z60l6za42vp1vhf05dc-python3.11-tox-4.15.1-dist"
            }
          ],
          "store_path": "/nix/store/cimgyp20w7vmn7chzycnnhkq6781zy6r-python3.11-tox-4.15.1"
        }
      }
    },
    "python@3.11.4": {
      "last_modified": "2023-09-27T18:02:17Z",
      "plugin_version": "0.0.3",
      "resolved": "github:NixOS/nixpkgs/517501bcf14ae6ec47efd6a17dda0ca8e6d866f9#python311",
      "source": "devbox-search",
      "version": "3.11.4",
      "systems": {
        "aarch64-darwin": {
          "outputs": [
            {
              "name": "out",
              "path": "/nix/store/rycxjkclx801wrhwrgllak0302xzjdvx-python3-3.11.4",
              "default": true
            }
          ],
          "store_path": "/nix/store/rycxjkclx801wrhwrgllak0302xzjdvx-python3-3.11.4"
        },
        "aarch64-linux": {
          "outputs": [
            {
              "name": "out",
              "path": "/nix/store/h4xi1djsmhk7bjdipz58xkfnf8lc9mpm-python3-3.11.4",
              "default": true
            },
            {
              "name": "debug",
              "path": "/nix/store/h2f5f8p7ggl1iml05p4msyld0ijgm3v1-python3-3.11.4-debug"
            }
          ],
          "store_path": "/nix/store/h4xi1djsmhk7bjdipz58xkfnf8lc9mpm-python3-3.11.4"
        },
        "x86_64-darwin": {
          "outputs": [
            {
              "name": "out",
              "path": "/nix/store/yqs2zxkxn61xzimdaz1pbgawk2lnm0d8-python3-3.11.4",
              "default": true
            }
          ],
          "store_path": "/nix/store/yqs2zxkxn61xzimdaz1pbgawk2lnm0d8-python3-3.11.4"
        },
        "x86_64-linux": {
          "outputs": [
            {
              "name": "out",
              "path": "/nix/store/3k7is7nc2xbav8a48vx7arad522d8czx-python3-3.11.4",
              "default": true
            },
            {
              "name": "debug",
              "path": "/nix/store/p76nf72n6xp5y0igfki7lkbzng8vfikx-python3-3.11.4-debug"
            }
          ],
          "store_path": "/nix/store/3k7is7nc2xbav8a48vx7arad522d8czx-python3-3.11.4"
        }
      }
    },
    "symfony-cli@latest": {
      "last_modified": "2024-08-31T10:12:23Z",
      "resolved": "github:NixOS/nixpkgs/5629520edecb69630a3f4d17d3d33fc96c13f6fe#symfony-cli",
      "source": "devbox-search",
      "version": "5.10.2",
      "systems": {
        "aarch64-darwin": {
          "outputs": [
            {
              "name": "out",
              "path": "/nix/store/l62anrvq9i55vr40dfdwmjghl8bz01hn-symfony-cli-5.10.2",
              "default": true
            }
          ],
          "store_path": "/nix/store/l62anrvq9i55vr40dfdwmjghl8bz01hn-symfony-cli-5.10.2"
        },
        "aarch64-linux": {
          "outputs": [
            {
              "name": "out",
              "path": "/nix/store/lqn63fwlnc8czq60plb4yaw15l0ypmx1-symfony-cli-5.10.2",
              "default": true
            }
          ],
          "store_path": "/nix/store/lqn63fwlnc8czq60plb4yaw15l0ypmx1-symfony-cli-5.10.2"
        },
        "x86_64-darwin": {
          "outputs": [
            {
              "name": "out",
              "path": "/nix/store/209m4cc1yi598f24rym80l1grayndis2-symfony-cli-5.10.2",
              "default": true
            }
          ],
          "store_path": "/nix/store/209m4cc1yi598f24rym80l1grayndis2-symfony-cli-5.10.2"
        },
        "x86_64-linux": {
          "outputs": [
            {
              "name": "out",
              "path": "/nix/store/9bvay9g492ni3iv5ffhfn6nzmyx54wa6-symfony-cli-5.10.2",
              "default": true
            }
          ],
          "store_path": "/nix/store/9bvay9g492ni3iv5ffhfn6nzmyx54wa6-symfony-cli-5.10.2"
        }
      }
    }
  }
}
